
Microsoft Visual Studio Solution File, Format Version 12.00
# Visual Studio Version 17
VisualStudioVersion = 17.8.34330.188
MinimumVisualStudioVersion = 10.0.40219.1
Project("{9A19103F-16F7-4668-BE54-9A1E7A4F7556}") = "DISERTATIE.FLACARA.CAPTURII", "DISERTATIE.FLACARA.CAPTURII\DISERTATIE.FLACARA.CAPTURII.csproj", "{65AC3825-B469-4678-800E-B15773BD9799}"
EndProject
Project("{9A19103F-16F7-4668-BE54-9A1E7A4F7556}") = "DISERTATIE.FLACARA.CAPTURII.CONFIGURATION", "DISERTATIE.FLACARA.CAPTURII.CONFIGURATION\DISERTATIE.FLACARA.CAPTURII.CONFIGURATION.csproj", "{AC91DB6F-786B-4A02-8648-491504C1E4E1}"
EndProject
Project("{9A19103F-16F7-4668-BE54-9A1E7A4F7556}") = "DISERTATIE.FLACARA.CAPTURII.DTO", "DISERTATIE.FLACARA.CAPTURII.DTO\DISERTATIE.FLACARA.CAPTURII.DTO.csproj", "{8790E92B-31A1-447C-89EE-88243E87FC46}"
EndProject
Project("{9A19103F-16F7-4668-BE54-9A1E7A4F7556}") = "DISERTATIE.FLACARA.CAPTURII.DATAACCESS", "DISERTATIE.FLACARA.CAPTURII.DATAACCESS\DISERTATIE.FLACARA.CAPTURII.DATAACCESS.csproj", "{16B79DBE-5013-4EFE-A804-F0F0FFF3603D}"
EndProject
Project("{9A19103F-16F7-4668-BE54-9A1E7A4F7556}") = "DISERTATIE.FLACARA.CAPTURII.MAPPERS", "DISERTATIE.FLACARA.CAPTURII.MAPPERS\DISERTATIE.FLACARA.CAPTURII.MAPPERS.csproj", "{9374476E-C78A-4F3E-8F33-13A9E94770A8}"
EndProject
Project("{9A19103F-16F7-4668-BE54-9A1E7A4F7556}") = "DISERTATIE.FLACARA.CAPTURII.SERVICES", "DISERTATIE.FLACARA.CAPTURII.SERVICES\DISERTATIE.FLACARA.CAPTURII.SERVICES.csproj", "{0B01B5EA-CB5E-4713-B10E-20B7E3DF124D}"
EndProject
Project("{9A19103F-16F7-4668-BE54-9A1E7A4F7556}") = "DISERTATIE.FLACARA.CAPTURII.UTILS", "DISERTATIE.FLACARA.CAPTURII.UTILS\DISERTATIE.FLACARA.CAPTURII.UTILS.csproj", "{92AC5EC7-1DCF-4A2F-9CBB-014D7C86C505}"
EndProject
Project("{9A19103F-16F7-4668-BE54-9A1E7A4F7556}") = "DISERTATIE.FLACARA.CAPTURII.VALIDATORS", "DISERTATIE.FLACARA.CAPTURII.VALIDATORS\DISERTATIE.FLACARA.CAPTURII.VALIDATORS.csproj", "{0996AE59-0D61-4722-8CEB-EEA92DFDCD76}"
EndProject
Project("{FAE04EC0-301F-11D3-BF4B-00C04F79EFBC}") = "DISERTATIE.FLACARA.CAPTURII.HUBS", "DISERTATIE.FLACARA.CAPTURII.HUBS\DISERTATIE.FLACARA.CAPTURII.HUBS.csproj", "{6CF187CF-FA5E-4E41-B6F1-AFE35F37ED4C}"
EndProject
Global
	GlobalSection(SolutionConfigurationPlatforms) = preSolution
		Debug|Any CPU = Debug|Any CPU
		Release|Any CPU = Release|Any CPU
	EndGlobalSection
	GlobalSection(ProjectConfigurationPlatforms) = postSolution
		{65AC3825-B469-4678-800E-B15773BD9799}.Debug|Any CPU.ActiveCfg = Debug|Any CPU
		{65AC3825-B469-4678-800E-B15773BD9799}.Debug|Any CPU.Build.0 = Debug|Any CPU
		{65AC3825-B469-4678-800E-B15773BD9799}.Release|Any CPU.ActiveCfg = Release|Any CPU
		{65AC3825-B469-4678-800E-B15773BD9799}.Release|Any CPU.Build.0 = Release|Any CPU
		{AC91DB6F-786B-4A02-8648-491504C1E4E1}.Debug|Any CPU.ActiveCfg = Debug|Any CPU
		{AC91DB6F-786B-4A02-8648-491504C1E4E1}.Debug|Any CPU.Build.0 = Debug|Any CPU
		{AC91DB6F-786B-4A02-8648-491504C1E4E1}.Release|Any CPU.ActiveCfg = Release|Any CPU
		{AC91DB6F-786B-4A02-8648-491504C1E4E1}.Release|Any CPU.Build.0 = Release|Any CPU
		{8790E92B-31A1-447C-89EE-88243E87FC46}.Debug|Any CPU.ActiveCfg = Debug|Any CPU
		{8790E92B-31A1-447C-89EE-88243E87FC46}.Debug|Any CPU.Build.0 = Debug|Any CPU
		{8790E92B-31A1-447C-89EE-88243E87FC46}.Release|Any CPU.ActiveCfg = Release|Any CPU
		{8790E92B-31A1-447C-89EE-88243E87FC46}.Release|Any CPU.Build.0 = Release|Any CPU
		{16B79DBE-5013-4EFE-A804-F0F0FFF3603D}.Debug|Any CPU.ActiveCfg = Debug|Any CPU
		{16B79DBE-5013-4EFE-A804-F0F0FFF3603D}.Debug|Any CPU.Build.0 = Debug|Any CPU
		{16B79DBE-5013-4EFE-A804-F0F0FFF3603D}.Release|Any CPU.ActiveCfg = Release|Any CPU
		{16B79DBE-5013-4EFE-A804-F0F0FFF3603D}.Release|Any CPU.Build.0 = Release|Any CPU
		{9374476E-C78A-4F3E-8F33-13A9E94770A8}.Debug|Any CPU.ActiveCfg = Debug|Any CPU
		{9374476E-C78A-4F3E-8F33-13A9E94770A8}.Debug|Any CPU.Build.0 = Debug|Any CPU
		{9374476E-C78A-4F3E-8F33-13A9E94770A8}.Release|Any CPU.ActiveCfg = Release|Any CPU
		{9374476E-C78A-4F3E-8F33-13A9E94770A8}.Release|Any CPU.Build.0 = Release|Any CPU
		{0B01B5EA-CB5E-4713-B10E-20B7E3DF124D}.Debug|Any CPU.ActiveCfg = Debug|Any CPU
		{0B01B5EA-CB5E-4713-B10E-20B7E3DF124D}.Debug|Any CPU.Build.0 = Debug|Any CPU
		{0B01B5EA-CB5E-4713-B10E-20B7E3DF124D}.Release|Any CPU.ActiveCfg = Release|Any CPU
		{0B01B5EA-CB5E-4713-B10E-20B7E3DF124D}.Release|Any CPU.Build.0 = Release|Any CPU
		{92AC5EC7-1DCF-4A2F-9CBB-014D7C86C505}.Debug|Any CPU.ActiveCfg = Debug|Any CPU
		{92AC5EC7-1DCF-4A2F-9CBB-014D7C86C505}.Debug|Any CPU.Build.0 = Debug|Any CPU
		{92AC5EC7-1DCF-4A2F-9CBB-014D7C86C505}.Release|Any CPU.ActiveCfg = Release|Any CPU
		{92AC5EC7-1DCF-4A2F-9CBB-014D7C86C505}.Release|Any CPU.Build.0 = Release|Any CPU
		{0996AE59-0D61-4722-8CEB-EEA92DFDCD76}.Debug|Any CPU.ActiveCfg = Debug|Any CPU
		{0996AE59-0D61-4722-8CEB-EEA92DFDCD76}.Debug|Any CPU.Build.0 = Debug|Any CPU
		{0996AE59-0D61-4722-8CEB-EEA92DFDCD76}.Release|Any CPU.ActiveCfg = Release|Any CPU
		{0996AE59-0D61-4722-8CEB-EEA92DFDCD76}.Release|Any CPU.Build.0 = Release|Any CPU
		{6CF187CF-FA5E-4E41-B6F1-AFE35F37ED4C}.Debug|Any CPU.ActiveCfg = Debug|Any CPU
		{6CF187CF-FA5E-4E41-B6F1-AFE35F37ED4C}.Debug|Any CPU.Build.0 = Debug|Any CPU
		{6CF187CF-FA5E-4E41-B6F1-AFE35F37ED4C}.Release|Any CPU.ActiveCfg = Release|Any CPU
		{6CF187CF-FA5E-4E41-B6F1-AFE35F37ED4C}.Release|Any CPU.Build.0 = Release|Any CPU
	EndGlobalSection
	GlobalSection(SolutionProperties) = preSolution
		HideSolutionNode = FALSE
	EndGlobalSection
	GlobalSection(ExtensibilityGlobals) = postSolution
		SolutionGuid = {B1402617-1D4A-4C59-9215-626702DC7C91}
	EndGlobalSection
EndGlobal
